// !$*UTF8*$!
{
	archiveVersion = 1;
	classes = {
	};
	objectVersion = 56;
	objects = {

/* Begin PBXBuildFile section */
		FF4CD2E52C11C6EF0052E259 /* StringDate+Extensions.swift in Sources */ = {isa = PBXBuildFile; fileRef = FF4CD2E42C11C6EF0052E259 /* StringDate+Extensions.swift */; };
		FF4CD2E72C11CA840052E259 /* RoversDetailViewModel.swift in Sources */ = {isa = PBXBuildFile; fileRef = FF4CD2E62C11CA840052E259 /* RoversDetailViewModel.swift */; };
		FF4CD2E92C11CC5C0052E259 /* PhotoViewModel.swift in Sources */ = {isa = PBXBuildFile; fileRef = FF4CD2E82C11CC5C0052E259 /* PhotoViewModel.swift */; };
		FF4CD2EB2C11CC850052E259 /* FullScreenImageViewModel.swift in Sources */ = {isa = PBXBuildFile; fileRef = FF4CD2EA2C11CC850052E259 /* FullScreenImageViewModel.swift */; };
		FF4CD2ED2C11CCD10052E259 /* ImagePageViewModel.swift in Sources */ = {isa = PBXBuildFile; fileRef = FF4CD2EC2C11CCD10052E259 /* ImagePageViewModel.swift */; };
		FF4DE3382C10EFAB00C61F07 /* UIColor+Extensions.swift in Sources */ = {isa = PBXBuildFile; fileRef = FF4DE3372C10EFAB00C61F07 /* UIColor+Extensions.swift */; };
		FF4DE33A2C11003500C61F07 /* RoversViewModel.swift in Sources */ = {isa = PBXBuildFile; fileRef = FF4DE3392C11003500C61F07 /* RoversViewModel.swift */; };
		FF4DE3402C11031B00C61F07 /* RoversDetailViewController.swift in Sources */ = {isa = PBXBuildFile; fileRef = FF4DE33F2C11031B00C61F07 /* RoversDetailViewController.swift */; };
		FF4DE3422C1113C200C61F07 /* ImagePageViewController.swift in Sources */ = {isa = PBXBuildFile; fileRef = FF4DE3412C1113C200C61F07 /* ImagePageViewController.swift */; };
		FF4DE3442C1113E800C61F07 /* PhotoViewController.swift in Sources */ = {isa = PBXBuildFile; fileRef = FF4DE3432C1113E800C61F07 /* PhotoViewController.swift */; };
		FF4DE3462C11140C00C61F07 /* FullScreenImageViewController.swift in Sources */ = {isa = PBXBuildFile; fileRef = FF4DE3452C11140C00C61F07 /* FullScreenImageViewController.swift */; };
		FF4DE34A2C1117FB00C61F07 /* PhotoTableViewCell.swift in Sources */ = {isa = PBXBuildFile; fileRef = FF4DE3482C1117FB00C61F07 /* PhotoTableViewCell.swift */; };
		FF4DE34B2C1117FB00C61F07 /* PhotoTableViewCell.xib in Resources */ = {isa = PBXBuildFile; fileRef = FF4DE3492C1117FB00C61F07 /* PhotoTableViewCell.xib */; };
		FF5C53BE2C105A4E003CBA35 /* AppDelegate.swift in Sources */ = {isa = PBXBuildFile; fileRef = FF5C53BD2C105A4E003CBA35 /* AppDelegate.swift */; };
		FF5C53C02C105A4E003CBA35 /* SceneDelegate.swift in Sources */ = {isa = PBXBuildFile; fileRef = FF5C53BF2C105A4E003CBA35 /* SceneDelegate.swift */; };
		FF5C53C22C105A4E003CBA35 /* RoversViewController.swift in Sources */ = {isa = PBXBuildFile; fileRef = FF5C53C12C105A4E003CBA35 /* RoversViewController.swift */; };
		FF5C53C52C105A4E003CBA35 /* Base in Resources */ = {isa = PBXBuildFile; fileRef = FF5C53C42C105A4E003CBA35 /* Base */; };
		FF5C53C72C105A51003CBA35 /* Assets.xcassets in Resources */ = {isa = PBXBuildFile; fileRef = FF5C53C62C105A51003CBA35 /* Assets.xcassets */; };
		FF5C53CA2C105A51003CBA35 /* Base in Resources */ = {isa = PBXBuildFile; fileRef = FF5C53C92C105A51003CBA35 /* Base */; };
		FF5C53E02C107B27003CBA35 /* Alamofire in Frameworks */ = {isa = PBXBuildFile; productRef = FF5C53DF2C107B27003CBA35 /* Alamofire */; };
		FF5C53E32C107B3F003CBA35 /* SDWebImage in Frameworks */ = {isa = PBXBuildFile; productRef = FF5C53E22C107B3F003CBA35 /* SDWebImage */; };
		FFC272C72C10863800FEBA58 /* Rover.swift in Sources */ = {isa = PBXBuildFile; fileRef = FFC272C62C10863800FEBA58 /* Rover.swift */; };
		FFC272C92C10865F00FEBA58 /* NetworkManager.swift in Sources */ = {isa = PBXBuildFile; fileRef = FFC272C82C10865F00FEBA58 /* NetworkManager.swift */; };
		FFC272CB2C10892800FEBA58 /* Camera.swift in Sources */ = {isa = PBXBuildFile; fileRef = FFC272CA2C10892800FEBA58 /* Camera.swift */; };
		FFC272CD2C108A6F00FEBA58 /* Photo.swift in Sources */ = {isa = PBXBuildFile; fileRef = FFC272CC2C108A6F00FEBA58 /* Photo.swift */; };
		FFC272D12C10962D00FEBA58 /* RoversTableViewCell.swift in Sources */ = {isa = PBXBuildFile; fileRef = FFC272CF2C10962D00FEBA58 /* RoversTableViewCell.swift */; };
		FFC272D22C10962D00FEBA58 /* RoversTableViewCell.xib in Resources */ = {isa = PBXBuildFile; fileRef = FFC272D02C10962D00FEBA58 /* RoversTableViewCell.xib */; };
		FFC272D52C1099F600FEBA58 /* Inter-VariableFont_slnt,wght.ttf in Resources */ = {isa = PBXBuildFile; fileRef = FFC272D42C1099F600FEBA58 /* Inter-VariableFont_slnt,wght.ttf */; };
		FFC272D72C109D2000FEBA58 /* UIFont+Extensions.swift in Sources */ = {isa = PBXBuildFile; fileRef = FFC272D62C109D2000FEBA58 /* UIFont+Extensions.swift */; };
		FFC272D92C109D3200FEBA58 /* UILabel+Extensions.swift in Sources */ = {isa = PBXBuildFile; fileRef = FFC272D82C109D3200FEBA58 /* UILabel+Extensions.swift */; };
		FFC272DB2C10A97F00FEBA58 /* UIView+Extensions.swift in Sources */ = {isa = PBXBuildFile; fileRef = FFC272DA2C10A97F00FEBA58 /* UIView+Extensions.swift */; };
		FFC272DD2C10A99F00FEBA58 /* UIImageView+Extensions.swift in Sources */ = {isa = PBXBuildFile; fileRef = FFC272DC2C10A99F00FEBA58 /* UIImageView+Extensions.swift */; };
		FFC272DF2C10AE7200FEBA58 /* Quicksand-VariableFont_wght.ttf in Resources */ = {isa = PBXBuildFile; fileRef = FFC272DE2C10AE7200FEBA58 /* Quicksand-VariableFont_wght.ttf */; };
/* End PBXBuildFile section */

/* Begin PBXFileReference section */
		FF4CD2E42C11C6EF0052E259 /* StringDate+Extensions.swift */ = {isa = PBXFileReference; lastKnownFileType = sourcecode.swift; path = "StringDate+Extensions.swift"; sourceTree = "<group>"; };
		FF4CD2E62C11CA840052E259 /* RoversDetailViewModel.swift */ = {isa = PBXFileReference; lastKnownFileType = sourcecode.swift; path = RoversDetailViewModel.swift; sourceTree = "<group>"; };
		FF4CD2E82C11CC5C0052E259 /* PhotoViewModel.swift */ = {isa = PBXFileReference; lastKnownFileType = sourcecode.swift; path = PhotoViewModel.swift; sourceTree = "<group>"; };
		FF4CD2EA2C11CC850052E259 /* FullScreenImageViewModel.swift */ = {isa = PBXFileReference; lastKnownFileType = sourcecode.swift; path = FullScreenImageViewModel.swift; sourceTree = "<group>"; };
		FF4CD2EC2C11CCD10052E259 /* ImagePageViewModel.swift */ = {isa = PBXFileReference; lastKnownFileType = sourcecode.swift; path = ImagePageViewModel.swift; sourceTree = "<group>"; };
		FF4DE3372C10EFAB00C61F07 /* UIColor+Extensions.swift */ = {isa = PBXFileReference; lastKnownFileType = sourcecode.swift; path = "UIColor+Extensions.swift"; sourceTree = "<group>"; };
		FF4DE3392C11003500C61F07 /* RoversViewModel.swift */ = {isa = PBXFileReference; lastKnownFileType = sourcecode.swift; path = RoversViewModel.swift; sourceTree = "<group>"; };
		FF4DE33F2C11031B00C61F07 /* RoversDetailViewController.swift */ = {isa = PBXFileReference; lastKnownFileType = sourcecode.swift; path = RoversDetailViewController.swift; sourceTree = "<group>"; };
		FF4DE3412C1113C200C61F07 /* ImagePageViewController.swift */ = {isa = PBXFileReference; lastKnownFileType = sourcecode.swift; path = ImagePageViewController.swift; sourceTree = "<group>"; };
		FF4DE3432C1113E800C61F07 /* PhotoViewController.swift */ = {isa = PBXFileReference; lastKnownFileType = sourcecode.swift; path = PhotoViewController.swift; sourceTree = "<group>"; };
		FF4DE3452C11140C00C61F07 /* FullScreenImageViewController.swift */ = {isa = PBXFileReference; lastKnownFileType = sourcecode.swift; path = FullScreenImageViewController.swift; sourceTree = "<group>"; };
		FF4DE3482C1117FB00C61F07 /* PhotoTableViewCell.swift */ = {isa = PBXFileReference; lastKnownFileType = sourcecode.swift; path = PhotoTableViewCell.swift; sourceTree = "<group>"; };
		FF4DE3492C1117FB00C61F07 /* PhotoTableViewCell.xib */ = {isa = PBXFileReference; lastKnownFileType = file.xib; path = PhotoTableViewCell.xib; sourceTree = "<group>"; };
		FF5C53BA2C105A4E003CBA35 /* CarlaCaseStudy.app */ = {isa = PBXFileReference; explicitFileType = wrapper.application; includeInIndex = 0; path = CarlaCaseStudy.app; sourceTree = BUILT_PRODUCTS_DIR; };
		FF5C53BD2C105A4E003CBA35 /* AppDelegate.swift */ = {isa = PBXFileReference; lastKnownFileType = sourcecode.swift; path = AppDelegate.swift; sourceTree = "<group>"; };
		FF5C53BF2C105A4E003CBA35 /* SceneDelegate.swift */ = {isa = PBXFileReference; lastKnownFileType = sourcecode.swift; path = SceneDelegate.swift; sourceTree = "<group>"; };
		FF5C53C12C105A4E003CBA35 /* RoversViewController.swift */ = {isa = PBXFileReference; lastKnownFileType = sourcecode.swift; path = RoversViewController.swift; sourceTree = "<group>"; };
		FF5C53C42C105A4E003CBA35 /* Base */ = {isa = PBXFileReference; lastKnownFileType = file.storyboard; name = Base; path = Base.lproj/Main.storyboard; sourceTree = "<group>"; };
		FF5C53C62C105A51003CBA35 /* Assets.xcassets */ = {isa = PBXFileReference; lastKnownFileType = folder.assetcatalog; path = Assets.xcassets; sourceTree = "<group>"; };
		FF5C53C92C105A51003CBA35 /* Base */ = {isa = PBXFileReference; lastKnownFileType = file.storyboard; name = Base; path = Base.lproj/LaunchScreen.storyboard; sourceTree = "<group>"; };
		FF5C53CB2C105A51003CBA35 /* Info.plist */ = {isa = PBXFileReference; lastKnownFileType = text.plist.xml; path = Info.plist; sourceTree = "<group>"; };
		FFC272C62C10863800FEBA58 /* Rover.swift */ = {isa = PBXFileReference; lastKnownFileType = sourcecode.swift; path = Rover.swift; sourceTree = "<group>"; };
		FFC272C82C10865F00FEBA58 /* NetworkManager.swift */ = {isa = PBXFileReference; lastKnownFileType = sourcecode.swift; path = NetworkManager.swift; sourceTree = "<group>"; };
		FFC272CA2C10892800FEBA58 /* Camera.swift */ = {isa = PBXFileReference; lastKnownFileType = sourcecode.swift; path = Camera.swift; sourceTree = "<group>"; };
		FFC272CC2C108A6F00FEBA58 /* Photo.swift */ = {isa = PBXFileReference; lastKnownFileType = sourcecode.swift; path = Photo.swift; sourceTree = "<group>"; };
		FFC272CF2C10962D00FEBA58 /* RoversTableViewCell.swift */ = {isa = PBXFileReference; lastKnownFileType = sourcecode.swift; path = RoversTableViewCell.swift; sourceTree = "<group>"; };
		FFC272D02C10962D00FEBA58 /* RoversTableViewCell.xib */ = {isa = PBXFileReference; lastKnownFileType = file.xib; path = RoversTableViewCell.xib; sourceTree = "<group>"; };
		FFC272D42C1099F600FEBA58 /* Inter-VariableFont_slnt,wght.ttf */ = {isa = PBXFileReference; lastKnownFileType = file; path = "Inter-VariableFont_slnt,wght.ttf"; sourceTree = "<group>"; };
		FFC272D62C109D2000FEBA58 /* UIFont+Extensions.swift */ = {isa = PBXFileReference; lastKnownFileType = sourcecode.swift; path = "UIFont+Extensions.swift"; sourceTree = "<group>"; };
		FFC272D82C109D3200FEBA58 /* UILabel+Extensions.swift */ = {isa = PBXFileReference; lastKnownFileType = sourcecode.swift; path = "UILabel+Extensions.swift"; sourceTree = "<group>"; };
		FFC272DA2C10A97F00FEBA58 /* UIView+Extensions.swift */ = {isa = PBXFileReference; lastKnownFileType = sourcecode.swift; path = "UIView+Extensions.swift"; sourceTree = "<group>"; };
		FFC272DC2C10A99F00FEBA58 /* UIImageView+Extensions.swift */ = {isa = PBXFileReference; lastKnownFileType = sourcecode.swift; path = "UIImageView+Extensions.swift"; sourceTree = "<group>"; };
		FFC272DE2C10AE7200FEBA58 /* Quicksand-VariableFont_wght.ttf */ = {isa = PBXFileReference; lastKnownFileType = file; path = "Quicksand-VariableFont_wght.ttf"; sourceTree = "<group>"; };
/* End PBXFileReference section */

/* Begin PBXFrameworksBuildPhase section */
		FF5C53B72C105A4E003CBA35 /* Frameworks */ = {
			isa = PBXFrameworksBuildPhase;
			buildActionMask = 2147483647;
			files = (
				FF5C53E32C107B3F003CBA35 /* SDWebImage in Frameworks */,
				FF5C53E02C107B27003CBA35 /* Alamofire in Frameworks */,
			);
			runOnlyForDeploymentPostprocessing = 0;
		};
/* End PBXFrameworksBuildPhase section */

/* Begin PBXGroup section */
		FF4CD2E32C11ABEB0052E259 /* Launch */ = {
			isa = PBXGroup;
			children = (
				FF5C53C82C105A51003CBA35 /* LaunchScreen.storyboard */,
			);
			path = Launch;
			sourceTree = "<group>";
		};
		FF4DE3472C1117CA00C61F07 /* TableViewCell */ = {
			isa = PBXGroup;
			children = (
				FF4DE3482C1117FB00C61F07 /* PhotoTableViewCell.swift */,
				FF4DE3492C1117FB00C61F07 /* PhotoTableViewCell.xib */,
			);
			path = TableViewCell;
			sourceTree = "<group>";
		};
		FF5C53B12C105A4E003CBA35 = {
			isa = PBXGroup;
			children = (
				FF5C53BC2C105A4E003CBA35 /* CarlaCaseStudy */,
				FF5C53BB2C105A4E003CBA35 /* Products */,
			);
			sourceTree = "<group>";
		};
		FF5C53BB2C105A4E003CBA35 /* Products */ = {
			isa = PBXGroup;
			children = (
				FF5C53BA2C105A4E003CBA35 /* CarlaCaseStudy.app */,
			);
			name = Products;
			sourceTree = "<group>";
		};
		FF5C53BC2C105A4E003CBA35 /* CarlaCaseStudy */ = {
			isa = PBXGroup;
			children = (
				FF5C53D62C106C74003CBA35 /* UI Modules */,
				FF5C53D52C106C64003CBA35 /* Manager */,
				FF5C53D42C106C5E003CBA35 /* Models */,
				FF5C53D32C106C48003CBA35 /* Resources */,
				FF5C53D22C106C2E003CBA35 /* Utilities */,
				FF5C53D12C106C22003CBA35 /* Extensions */,
			);
			path = CarlaCaseStudy;
			sourceTree = "<group>";
		};
		FF5C53D12C106C22003CBA35 /* Extensions */ = {
			isa = PBXGroup;
			children = (
				FFC272D62C109D2000FEBA58 /* UIFont+Extensions.swift */,
				FFC272D82C109D3200FEBA58 /* UILabel+Extensions.swift */,
				FFC272DA2C10A97F00FEBA58 /* UIView+Extensions.swift */,
				FFC272DC2C10A99F00FEBA58 /* UIImageView+Extensions.swift */,
				FF4DE3372C10EFAB00C61F07 /* UIColor+Extensions.swift */,
				FF4CD2E42C11C6EF0052E259 /* StringDate+Extensions.swift */,
			);
			path = Extensions;
			sourceTree = "<group>";
		};
		FF5C53D22C106C2E003CBA35 /* Utilities */ = {
			isa = PBXGroup;
			children = (
				FF5C53BD2C105A4E003CBA35 /* AppDelegate.swift */,
				FF5C53BF2C105A4E003CBA35 /* SceneDelegate.swift */,
			);
			path = Utilities;
			sourceTree = "<group>";
		};
		FF5C53D32C106C48003CBA35 /* Resources */ = {
			isa = PBXGroup;
			children = (
				FFC272D32C1099E800FEBA58 /* Font */,
				FF5C53C62C105A51003CBA35 /* Assets.xcassets */,
				FF5C53CB2C105A51003CBA35 /* Info.plist */,
			);
			path = Resources;
			sourceTree = "<group>";
		};
		FF5C53D42C106C5E003CBA35 /* Models */ = {
			isa = PBXGroup;
			children = (
				FFC272C62C10863800FEBA58 /* Rover.swift */,
				FFC272CA2C10892800FEBA58 /* Camera.swift */,
				FFC272CC2C108A6F00FEBA58 /* Photo.swift */,
			);
			path = Models;
			sourceTree = "<group>";
		};
		FF5C53D52C106C64003CBA35 /* Manager */ = {
			isa = PBXGroup;
			children = (
				FFC272C82C10865F00FEBA58 /* NetworkManager.swift */,
			);
			path = Manager;
			sourceTree = "<group>";
		};
		FF5C53D62C106C74003CBA35 /* UI Modules */ = {
			isa = PBXGroup;
			children = (
				FF5C53DD2C1078CD003CBA35 /* StoryBoards */,
				FF5C53D82C107801003CBA35 /* Detail */,
				FF5C53D72C1077EB003CBA35 /* Rovers */,
			);
			path = "UI Modules";
			sourceTree = "<group>";
		};
		FF5C53D72C1077EB003CBA35 /* Rovers */ = {
			isa = PBXGroup;
			children = (
				FFC272CE2C10961100FEBA58 /* TableViewCell */,
				FF5C53DC2C107898003CBA35 /* ViewModel */,
				FF5C53DB2C107891003CBA35 /* ViewController */,
			);
			path = Rovers;
			sourceTree = "<group>";
		};
		FF5C53D82C107801003CBA35 /* Detail */ = {
			isa = PBXGroup;
			children = (
				FF4DE3472C1117CA00C61F07 /* TableViewCell */,
				FF5C53DA2C10788A003CBA35 /* ViewModel */,
				FF5C53D92C107871003CBA35 /* ViewController */,
			);
			path = Detail;
			sourceTree = "<group>";
		};
		FF5C53D92C107871003CBA35 /* ViewController */ = {
			isa = PBXGroup;
			children = (
				FF4DE33F2C11031B00C61F07 /* RoversDetailViewController.swift */,
				FF4DE3412C1113C200C61F07 /* ImagePageViewController.swift */,
				FF4DE3432C1113E800C61F07 /* PhotoViewController.swift */,
				FF4DE3452C11140C00C61F07 /* FullScreenImageViewController.swift */,
			);
			path = ViewController;
			sourceTree = "<group>";
		};
		FF5C53DA2C10788A003CBA35 /* ViewModel */ = {
			isa = PBXGroup;
			children = (
				FF4CD2E62C11CA840052E259 /* RoversDetailViewModel.swift */,
				FF4CD2E82C11CC5C0052E259 /* PhotoViewModel.swift */,
				FF4CD2EA2C11CC850052E259 /* FullScreenImageViewModel.swift */,
				FF4CD2EC2C11CCD10052E259 /* ImagePageViewModel.swift */,
			);
			path = ViewModel;
			sourceTree = "<group>";
		};
		FF5C53DB2C107891003CBA35 /* ViewController */ = {
			isa = PBXGroup;
			children = (
				FF5C53C12C105A4E003CBA35 /* RoversViewController.swift */,
			);
			path = ViewController;
			sourceTree = "<group>";
		};
		FF5C53DC2C107898003CBA35 /* ViewModel */ = {
			isa = PBXGroup;
			children = (
				FF4DE3392C11003500C61F07 /* RoversViewModel.swift */,
			);
			path = ViewModel;
			sourceTree = "<group>";
		};
		FF5C53DD2C1078CD003CBA35 /* StoryBoards */ = {
			isa = PBXGroup;
			children = (
				FF5C53C32C105A4E003CBA35 /* Main.storyboard */,
				FF4CD2E32C11ABEB0052E259 /* Launch */,
			);
			path = StoryBoards;
			sourceTree = "<group>";
		};
		FFC272CE2C10961100FEBA58 /* TableViewCell */ = {
			isa = PBXGroup;
			children = (
				FFC272CF2C10962D00FEBA58 /* RoversTableViewCell.swift */,
				FFC272D02C10962D00FEBA58 /* RoversTableViewCell.xib */,
			);
			path = TableViewCell;
			sourceTree = "<group>";
		};
		FFC272D32C1099E800FEBA58 /* Font */ = {
			isa = PBXGroup;
			children = (
				FFC272DE2C10AE7200FEBA58 /* Quicksand-VariableFont_wght.ttf */,
				FFC272D42C1099F600FEBA58 /* Inter-VariableFont_slnt,wght.ttf */,
			);
			path = Font;
			sourceTree = "<group>";
		};
/* End PBXGroup section */

/* Begin PBXNativeTarget section */
		FF5C53B92C105A4E003CBA35 /* CarlaCaseStudy */ = {
			isa = PBXNativeTarget;
			buildConfigurationList = FF5C53CE2C105A51003CBA35 /* Build configuration list for PBXNativeTarget "CarlaCaseStudy" */;
			buildPhases = (
				FF5C53B62C105A4E003CBA35 /* Sources */,
				FF5C53B72C105A4E003CBA35 /* Frameworks */,
				FF5C53B82C105A4E003CBA35 /* Resources */,
			);
			buildRules = (
			);
			dependencies = (
			);
			name = CarlaCaseStudy;
			packageProductDependencies = (
				FF5C53DF2C107B27003CBA35 /* Alamofire */,
				FF5C53E22C107B3F003CBA35 /* SDWebImage */,
			);
			productName = CarlaCaseStudy;
			productReference = FF5C53BA2C105A4E003CBA35 /* CarlaCaseStudy.app */;
			productType = "com.apple.product-type.application";
		};
/* End PBXNativeTarget section */

/* Begin PBXProject section */
		FF5C53B22C105A4E003CBA35 /* Project object */ = {
			isa = PBXProject;
			attributes = {
				BuildIndependentTargetsInParallel = 1;
				LastSwiftUpdateCheck = 1530;
				LastUpgradeCheck = 1530;
				TargetAttributes = {
					FF5C53B92C105A4E003CBA35 = {
						CreatedOnToolsVersion = 15.3;
					};
				};
			};
			buildConfigurationList = FF5C53B52C105A4E003CBA35 /* Build configuration list for PBXProject "CarlaCaseStudy" */;
			compatibilityVersion = "Xcode 14.0";
			developmentRegion = en;
			hasScannedForEncodings = 0;
			knownRegions = (
				en,
				Base,
			);
			mainGroup = FF5C53B12C105A4E003CBA35;
			packageReferences = (
				FF5C53DE2C107B27003CBA35 /* XCRemoteSwiftPackageReference "Alamofire" */,
				FF5C53E12C107B3F003CBA35 /* XCRemoteSwiftPackageReference "SDWebImage" */,
			);
			productRefGroup = FF5C53BB2C105A4E003CBA35 /* Products */;
			projectDirPath = "";
			projectRoot = "";
			targets = (
				FF5C53B92C105A4E003CBA35 /* CarlaCaseStudy */,
			);
		};
/* End PBXProject section */

/* Begin PBXResourcesBuildPhase section */
		FF5C53B82C105A4E003CBA35 /* Resources */ = {
			isa = PBXResourcesBuildPhase;
			buildActionMask = 2147483647;
			files = (
				FFC272D22C10962D00FEBA58 /* RoversTableViewCell.xib in Resources */,
				FFC272DF2C10AE7200FEBA58 /* Quicksand-VariableFont_wght.ttf in Resources */,
				FFC272D52C1099F600FEBA58 /* Inter-VariableFont_slnt,wght.ttf in Resources */,
				FF5C53C72C105A51003CBA35 /* Assets.xcassets in Resources */,
				FF5C53CA2C105A51003CBA35 /* Base in Resources */,
				FF5C53C52C105A4E003CBA35 /* Base in Resources */,
				FF4DE34B2C1117FB00C61F07 /* PhotoTableViewCell.xib in Resources */,
			);
			runOnlyForDeploymentPostprocessing = 0;
		};
/* End PBXResourcesBuildPhase section */

/* Begin PBXSourcesBuildPhase section */
		FF5C53B62C105A4E003CBA35 /* Sources */ = {
			isa = PBXSourcesBuildPhase;
			buildActionMask = 2147483647;
			files = (
				FF4CD2EB2C11CC850052E259 /* FullScreenImageViewModel.swift in Sources */,
				FFC272D12C10962D00FEBA58 /* RoversTableViewCell.swift in Sources */,
				FF4CD2E92C11CC5C0052E259 /* PhotoViewModel.swift in Sources */,
				FFC272CD2C108A6F00FEBA58 /* Photo.swift in Sources */,
				FF4CD2E52C11C6EF0052E259 /* StringDate+Extensions.swift in Sources */,
				FFC272CB2C10892800FEBA58 /* Camera.swift in Sources */,
				FFC272C72C10863800FEBA58 /* Rover.swift in Sources */,
				FFC272DD2C10A99F00FEBA58 /* UIImageView+Extensions.swift in Sources */,
				FF5C53C22C105A4E003CBA35 /* RoversViewController.swift in Sources */,
				FFC272C92C10865F00FEBA58 /* NetworkManager.swift in Sources */,
				FF4DE34A2C1117FB00C61F07 /* PhotoTableViewCell.swift in Sources */,
				FF4DE3422C1113C200C61F07 /* ImagePageViewController.swift in Sources */,
				FF4CD2E72C11CA840052E259 /* RoversDetailViewModel.swift in Sources */,
				FFC272D92C109D3200FEBA58 /* UILabel+Extensions.swift in Sources */,
				FF5C53BE2C105A4E003CBA35 /* AppDelegate.swift in Sources */,
				FF4CD2ED2C11CCD10052E259 /* ImagePageViewModel.swift in Sources */,
				FF4DE3442C1113E800C61F07 /* PhotoViewController.swift in Sources */,
				FF4DE33A2C11003500C61F07 /* RoversViewModel.swift in Sources */,
				FF4DE3382C10EFAB00C61F07 /* UIColor+Extensions.swift in Sources */,
				FFC272D72C109D2000FEBA58 /* UIFont+Extensions.swift in Sources */,
				FF5C53C02C105A4E003CBA35 /* SceneDelegate.swift in Sources */,
				FF4DE3402C11031B00C61F07 /* RoversDetailViewController.swift in Sources */,
				FFC272DB2C10A97F00FEBA58 /* UIView+Extensions.swift in Sources */,
				FF4DE3462C11140C00C61F07 /* FullScreenImageViewController.swift in Sources */,
			);
			runOnlyForDeploymentPostprocessing = 0;
		};
/* End PBXSourcesBuildPhase section */

/* Begin PBXVariantGroup section */
		FF5C53C32C105A4E003CBA35 /* Main.storyboard */ = {
			isa = PBXVariantGroup;
			children = (
				FF5C53C42C105A4E003CBA35 /* Base */,
			);
			name = Main.storyboard;
			sourceTree = "<group>";
		};
		FF5C53C82C105A51003CBA35 /* LaunchScreen.storyboard */ = {
			isa = PBXVariantGroup;
			children = (
				FF5C53C92C105A51003CBA35 /* Base */,
			);
			name = LaunchScreen.storyboard;
			sourceTree = "<group>";
		};
/* End PBXVariantGroup section */

/* Begin XCBuildConfiguration section */
		FF5C53CC2C105A51003CBA35 /* Debug */ = {
			isa = XCBuildConfiguration;
			buildSettings = {
				ALWAYS_SEARCH_USER_PATHS = NO;
				ASSETCATALOG_COMPILER_GENERATE_SWIFT_ASSET_SYMBOL_EXTENSIONS = YES;
				CLANG_ANALYZER_NONNULL = YES;
				CLANG_ANALYZER_NUMBER_OBJECT_CONVERSION = YES_AGGRESSIVE;
				CLANG_CXX_LANGUAGE_STANDARD = "gnu++20";
				CLANG_ENABLE_MODULES = YES;
				CLANG_ENABLE_OBJC_ARC = YES;
				CLANG_ENABLE_OBJC_WEAK = YES;
				CLANG_WARN_BLOCK_CAPTURE_AUTORELEASING = YES;
				CLANG_WARN_BOOL_CONVERSION = YES;
				CLANG_WARN_COMMA = YES;
				CLANG_WARN_CONSTANT_CONVERSION = YES;
				CLANG_WARN_DEPRECATED_OBJC_IMPLEMENTATIONS = YES;
				CLANG_WARN_DIRECT_OBJC_ISA_USAGE = YES_ERROR;
				CLANG_WARN_DOCUMENTATION_COMMENTS = YES;
				CLANG_WARN_EMPTY_BODY = YES;
				CLANG_WARN_ENUM_CONVERSION = YES;
				CLANG_WARN_INFINITE_RECURSION = YES;
				CLANG_WARN_INT_CONVERSION = YES;
				CLANG_WARN_NON_LITERAL_NULL_CONVERSION = YES;
				CLANG_WARN_OBJC_IMPLICIT_RETAIN_SELF = YES;
				CLANG_WARN_OBJC_LITERAL_CONVERSION = YES;
				CLANG_WARN_OBJC_ROOT_CLASS = YES_ERROR;
				CLANG_WARN_QUOTED_INCLUDE_IN_FRAMEWORK_HEADER = YES;
				CLANG_WARN_RANGE_LOOP_ANALYSIS = YES;
				CLANG_WARN_STRICT_PROTOTYPES = YES;
				CLANG_WARN_SUSPICIOUS_MOVE = YES;
				CLANG_WARN_UNGUARDED_AVAILABILITY = YES_AGGRESSIVE;
				CLANG_WARN_UNREACHABLE_CODE = YES;
				CLANG_WARN__DUPLICATE_METHOD_MATCH = YES;
				COPY_PHASE_STRIP = NO;
				DEBUG_INFORMATION_FORMAT = dwarf;
				ENABLE_STRICT_OBJC_MSGSEND = YES;
				ENABLE_TESTABILITY = YES;
				ENABLE_USER_SCRIPT_SANDBOXING = YES;
				GCC_C_LANGUAGE_STANDARD = gnu17;
				GCC_DYNAMIC_NO_PIC = NO;
				GCC_NO_COMMON_BLOCKS = YES;
				GCC_OPTIMIZATION_LEVEL = 0;
				GCC_PREPROCESSOR_DEFINITIONS = (
					"DEBUG=1",
					"$(inherited)",
				);
				GCC_WARN_64_TO_32_BIT_CONVERSION = YES;
				GCC_WARN_ABOUT_RETURN_TYPE = YES_ERROR;
				GCC_WARN_UNDECLARED_SELECTOR = YES;
				GCC_WARN_UNINITIALIZED_AUTOS = YES_AGGRESSIVE;
				GCC_WARN_UNUSED_FUNCTION = YES;
				GCC_WARN_UNUSED_VARIABLE = YES;
				IPHONEOS_DEPLOYMENT_TARGET = 17.4;
				LOCALIZATION_PREFERS_STRING_CATALOGS = YES;
				MTL_ENABLE_DEBUG_INFO = INCLUDE_SOURCE;
				MTL_FAST_MATH = YES;
				ONLY_ACTIVE_ARCH = YES;
				SDKROOT = iphoneos;
				SWIFT_ACTIVE_COMPILATION_CONDITIONS = "DEBUG $(inherited)";
				SWIFT_OPTIMIZATION_LEVEL = "-Onone";
			};
			name = Debug;
		};
		FF5C53CD2C105A51003CBA35 /* Release */ = {
			isa = XCBuildConfiguration;
			buildSettings = {
				ALWAYS_SEARCH_USER_PATHS = NO;
				ASSETCATALOG_COMPILER_GENERATE_SWIFT_ASSET_SYMBOL_EXTENSIONS = YES;
				CLANG_ANALYZER_NONNULL = YES;
				CLANG_ANALYZER_NUMBER_OBJECT_CONVERSION = YES_AGGRESSIVE;
				CLANG_CXX_LANGUAGE_STANDARD = "gnu++20";
				CLANG_ENABLE_MODULES = YES;
				CLANG_ENABLE_OBJC_ARC = YES;
				CLANG_ENABLE_OBJC_WEAK = YES;
				CLANG_WARN_BLOCK_CAPTURE_AUTORELEASING = YES;
				CLANG_WARN_BOOL_CONVERSION = YES;
				CLANG_WARN_COMMA = YES;
				CLANG_WARN_CONSTANT_CONVERSION = YES;
				CLANG_WARN_DEPRECATED_OBJC_IMPLEMENTATIONS = YES;
				CLANG_WARN_DIRECT_OBJC_ISA_USAGE = YES_ERROR;
				CLANG_WARN_DOCUMENTATION_COMMENTS = YES;
				CLANG_WARN_EMPTY_BODY = YES;
				CLANG_WARN_ENUM_CONVERSION = YES;
				CLANG_WARN_INFINITE_RECURSION = YES;
				CLANG_WARN_INT_CONVERSION = YES;
				CLANG_WARN_NON_LITERAL_NULL_CONVERSION = YES;
				CLANG_WARN_OBJC_IMPLICIT_RETAIN_SELF = YES;
				CLANG_WARN_OBJC_LITERAL_CONVERSION = YES;
				CLANG_WARN_OBJC_ROOT_CLASS = YES_ERROR;
				CLANG_WARN_QUOTED_INCLUDE_IN_FRAMEWORK_HEADER = YES;
				CLANG_WARN_RANGE_LOOP_ANALYSIS = YES;
				CLANG_WARN_STRICT_PROTOTYPES = YES;
				CLANG_WARN_SUSPICIOUS_MOVE = YES;
				CLANG_WARN_UNGUARDED_AVAILABILITY = YES_AGGRESSIVE;
				CLANG_WARN_UNREACHABLE_CODE = YES;
				CLANG_WARN__DUPLICATE_METHOD_MATCH = YES;
				COPY_PHASE_STRIP = NO;
				DEBUG_INFORMATION_FORMAT = "dwarf-with-dsym";
				ENABLE_NS_ASSERTIONS = NO;
				ENABLE_STRICT_OBJC_MSGSEND = YES;
				ENABLE_USER_SCRIPT_SANDBOXING = YES;
				GCC_C_LANGUAGE_STANDARD = gnu17;
				GCC_NO_COMMON_BLOCKS = YES;
				GCC_WARN_64_TO_32_BIT_CONVERSION = YES;
				GCC_WARN_ABOUT_RETURN_TYPE = YES_ERROR;
				GCC_WARN_UNDECLARED_SELECTOR = YES;
				GCC_WARN_UNINITIALIZED_AUTOS = YES_AGGRESSIVE;
				GCC_WARN_UNUSED_FUNCTION = YES;
				GCC_WARN_UNUSED_VARIABLE = YES;
				IPHONEOS_DEPLOYMENT_TARGET = 17.4;
				LOCALIZATION_PREFERS_STRING_CATALOGS = YES;
				MTL_ENABLE_DEBUG_INFO = NO;
				MTL_FAST_MATH = YES;
				SDKROOT = iphoneos;
				SWIFT_COMPILATION_MODE = wholemodule;
				VALIDATE_PRODUCT = YES;
			};
			name = Release;
		};
		FF5C53CF2C105A51003CBA35 /* Debug */ = {
			isa = XCBuildConfiguration;
			buildSettings = {
				ASSETCATALOG_COMPILER_APPICON_NAME = AppIcon;
				ASSETCATALOG_COMPILER_GLOBAL_ACCENT_COLOR_NAME = AccentColor;
				CODE_SIGN_STYLE = Automatic;
				CURRENT_PROJECT_VERSION = 1;
				DEVELOPMENT_TEAM = 7DKZH9VMX9;
				GENERATE_INFOPLIST_FILE = YES;
				INFOPLIST_FILE = CarlaCaseStudy/Resources/Info.plist;
				INFOPLIST_KEY_UIApplicationSupportsIndirectInputEvents = YES;
				INFOPLIST_KEY_UILaunchStoryboardName = LaunchScreen;
				INFOPLIST_KEY_UIMainStoryboardFile = Main;
				INFOPLIST_KEY_UISupportedInterfaceOrientations_iPad = "UIInterfaceOrientationPortrait UIInterfaceOrientationPortraitUpsideDown UIInterfaceOrientationLandscapeLeft UIInterfaceOrientationLandscapeRight";
				INFOPLIST_KEY_UISupportedInterfaceOrientations_iPhone = "UIInterfaceOrientationPortrait UIInterfaceOrientationLandscapeLeft UIInterfaceOrientationLandscapeRight";
				IPHONEOS_DEPLOYMENT_TARGET = 14.0;
				LD_RUNPATH_SEARCH_PATHS = (
					"$(inherited)",
					"@executable_path/Frameworks",
				);
				MARKETING_VERSION = 1.0;
				PRODUCT_BUNDLE_IDENTIFIER = com.batuhan.CarlaCaseStudy;
				PRODUCT_NAME = "$(TARGET_NAME)";
				SWIFT_EMIT_LOC_STRINGS = YES;
				SWIFT_VERSION = 5.0;
				TARGETED_DEVICE_FAMILY = "1,2";
			};
			name = Debug;
		};
		FF5C53D02C105A51003CBA35 /* Release */ = {
			isa = XCBuildConfiguration;
			buildSettings = {
				ASSETCATALOG_COMPILER_APPICON_NAME = AppIcon;
				ASSETCATALOG_COMPILER_GLOBAL_ACCENT_COLOR_NAME = AccentColor;
				CODE_SIGN_STYLE = Automatic;
				CURRENT_PROJECT_VERSION = 1;
				DEVELOPMENT_TEAM = 7DKZH9VMX9;
				GENERATE_INFOPLIST_FILE = YES;
				INFOPLIST_FILE = CarlaCaseStudy/Resources/Info.plist;
				INFOPLIST_KEY_UIApplicationSupportsIndirectInputEvents = YES;
				INFOPLIST_KEY_UILaunchStoryboardName = LaunchScreen;
				INFOPLIST_KEY_UIMainStoryboardFile = Main;
				INFOPLIST_KEY_UISupportedInterfaceOrientations_iPad = "UIInterfaceOrientationPortrait UIInterfaceOrientationPortraitUpsideDown UIInterfaceOrientationLandscapeLeft UIInterfaceOrientationLandscapeRight";
				INFOPLIST_KEY_UISupportedInterfaceOrientations_iPhone = "UIInterfaceOrientationPortrait UIInterfaceOrientationLandscapeLeft UIInterfaceOrientationLandscapeRight";
				IPHONEOS_DEPLOYMENT_TARGET = 14.0;
				LD_RUNPATH_SEARCH_PATHS = (
					"$(inherited)",
					"@executable_path/Frameworks",
				);
				MARKETING_VERSION = 1.0;
				PRODUCT_BUNDLE_IDENTIFIER = com.batuhan.CarlaCaseStudy;
				PRODUCT_NAME = "$(TARGET_NAME)";
				SWIFT_EMIT_LOC_STRINGS = YES;
				SWIFT_VERSION = 5.0;
				TARGETED_DEVICE_FAMILY = "1,2";
			};
			name = Release;
		};
/* End XCBuildConfiguration section */

/* Begin XCConfigurationList section */
		FF5C53B52C105A4E003CBA35 /* Build configuration list for PBXProject "CarlaCaseStudy" */ = {
			isa = XCConfigurationList;
			buildConfigurations = (
				FF5C53CC2C105A51003CBA35 /* Debug */,
				FF5C53CD2C105A51003CBA35 /* Release */,
			);
			defaultConfigurationIsVisible = 0;
			defaultConfigurationName = Release;
		};
		FF5C53CE2C105A51003CBA35 /* Build configuration list for PBXNativeTarget "CarlaCaseStudy" */ = {
			isa = XCConfigurationList;
			buildConfigurations = (
				FF5C53CF2C105A51003CBA35 /* Debug */,
				FF5C53D02C105A51003CBA35 /* Release */,
			);
			defaultConfigurationIsVisible = 0;
			defaultConfigurationName = Release;
		};
/* End XCConfigurationList section */

/* Begin XCRemoteSwiftPackageReference section */
		FF5C53DE2C107B27003CBA35 /* XCRemoteSwiftPackageReference "Alamofire" */ = {
			isa = XCRemoteSwiftPackageReference;
			repositoryURL = "https://github.com/Alamofire/Alamofire.git";
			requirement = {
				kind = upToNextMajorVersion;
				minimumVersion = 5.9.1;
			};
		};
		FF5C53E12C107B3F003CBA35 /* XCRemoteSwiftPackageReference "SDWebImage" */ = {
			isa = XCRemoteSwiftPackageReference;
			repositoryURL = "https://github.com/SDWebImage/SDWebImage.git";
			requirement = {
				kind = upToNextMajorVersion;
				minimumVersion = 5.19.3;
			};
		};
/* End XCRemoteSwiftPackageReference section */

/* Begin XCSwiftPackageProductDependency section */
		FF5C53DF2C107B27003CBA35 /* Alamofire */ = {
			isa = XCSwiftPackageProductDependency;
			package = FF5C53DE2C107B27003CBA35 /* XCRemoteSwiftPackageReference "Alamofire" */;
			productName = Alamofire;
		};
		FF5C53E22C107B3F003CBA35 /* SDWebImage */ = {
			isa = XCSwiftPackageProductDependency;
			package = FF5C53E12C107B3F003CBA35 /* XCRemoteSwiftPackageReference "SDWebImage" */;
			productName = SDWebImage;
		};
/* End XCSwiftPackageProductDependency section */
	};
	rootObject = FF5C53B22C105A4E003CBA35 /* Project object */;
}
